
Microsoft Visual Studio Solution File, Format Version 10.00
# Visual Studio 2008
Project("{8BC9CEB8-8B4A-11D0-8D11-00A0C91BC942}") = "C201Test", "C201Test.vcproj", "{D6DC4F86-2276-49D3-8686-8C8B084435CB}"
EndProject
Global
	GlobalSection(SolutionConfigurationPlatforms) = preSolution
		Debug|Win32 = Debug|Win32
		Release|Win32 = Release|Win32
	EndGlobalSection
	GlobalSection(ProjectConfigurationPlatforms) = postSolution
		{D6DC4F86-2276-49D3-8686-8C8B084435CB}.Debug|Win32.ActiveCfg = Debug|Win32
		{D6DC4F86-2276-49D3-8686-8C8B084435CB}.Debug|Win32.Build.0 = Debug|Win32
		{D6DC4F86-2276-49D3-8686-8C8B084435CB}.Release|Win32.ActiveCfg = Release|Win32
		{D6DC4F86-2276-49D3-8686-8C8B084435CB}.Release|Win32.Build.0 = Release|Win32
	EndGlobalSection
	GlobalSection(SolutionProperties) = preSolution
		HideSolutionNode = FALSE
	EndGlobalSection
EndGlobal
